// !$*UTF8*$!
{
	archiveVersion = 1;
	classes = {
	};
	objectVersion = 46;
	objects = {

/* Begin PBXBuildFile section */
		0625637E4F39B2E18F83F131 /* BottomSheetView.swift in Sources */ = {isa = PBXBuildFile; fileRef = 782A2DF73DB93EC96E037F49 /* BottomSheetView.swift */; };
		069B5DD185768247875D847A /* LiveActivityWidget.swift in Sources */ = {isa = PBXBuildFile; fileRef = FFCFC5F44343A971F444EA91 /* LiveActivityWidget.swift */; };
		216235DC60182687788648F8 /* SearchResult.swift in Sources */ = {isa = PBXBuildFile; fileRef = CE0C62E81ACBA14CF078406A /* SearchResult.swift */; };
		23BD590B0B3DC964C876C81C /* Assets.xcassets in Resources */ = {isa = PBXBuildFile; fileRef = 8BAE121141D073AAC5F02AD9 /* Assets.xcassets */; };
		26DE598D2BAABFAC2B10F5A5 /* Foundation.framework in Frameworks */ = {isa = PBXBuildFile; fileRef = B79C18071E2D6E9F90923948 /* Foundation.framework */; };
		2B1E90A31F82081B769A7CB8 /* SearchCompleter.swift in Sources */ = {isa = PBXBuildFile; fileRef = 5929640D4867C76E309894B6 /* SearchCompleter.swift */; };
		32CB1717731F62DED68DAB5E /* DynamicIslandView.swift in Sources */ = {isa = PBXBuildFile; fileRef = B30224620BAFDACC9A85DCCF /* DynamicIslandView.swift */; };
		341AFD8A1BD02E4A4B5CDBAD /* MyApp.swift in Sources */ = {isa = PBXBuildFile; fileRef = 3E5CA7395E581288774E8F52 /* MyApp.swift */; };
		379BAE9AAF2A92C7A73C7BA0 /* NavigationLiveActivityManager.swift in Sources */ = {isa = PBXBuildFile; fileRef = 9FC106B6DAD079EA4F153169 /* NavigationLiveActivityManager.swift */; };
		4C858873012DA8B034AAC26B /* NavigationAttributes.swift in Sources */ = {isa = PBXBuildFile; fileRef = C2E67634AED25A76877B8E94 /* NavigationAttributes.swift */; };
		6A9292887CD7B3AF162C01A7 /* Foundation.framework in Frameworks */ = {isa = PBXBuildFile; fileRef = B79C18071E2D6E9F90923948 /* Foundation.framework */; };
		7435304B94834C3C699A3CA7 /* Location.swift in Sources */ = {isa = PBXBuildFile; fileRef = 82FFC79694D00D37CA2F12B8 /* Location.swift */; };
		79AB01B3842F014B0DC8B548 /* KompassNavigationWidgetExtension.appex in Embed App Extensions */ = {isa = PBXBuildFile; fileRef = 0FED429ED6FC7DF9D79A3BE5 /* KompassNavigationWidgetExtension.appex */; settings = {ATTRIBUTES = (RemoveHeadersOnCopy, ); }; };
		7C06E1C97D948488B4F7695A /* KompassNavigationWidgetBundle.swift in Sources */ = {isa = PBXBuildFile; fileRef = 39D94D3ACA25C3538097AE35 /* KompassNavigationWidgetBundle.swift */; };
		7CB7AD39307D842A8CB4D5E0 /* RideShareService.swift in Sources */ = {isa = PBXBuildFile; fileRef = 75B3965D653A06BB0783AFA0 /* RideShareService.swift */; };
		869FF6F89B7F6175CB68070E /* MapView.swift in Sources */ = {isa = PBXBuildFile; fileRef = 09295E4AA52CB40E2FB9FA57 /* MapView.swift */; };
		A0069DB231242A0BC9C333E1 /* RouteComparisonView.swift in Sources */ = {isa = PBXBuildFile; fileRef = C121959D6316B3ACA10D9E6A /* RouteComparisonView.swift */; };
		A93616CFE0E38A8DBE3623EE /* LocationDetailView.swift in Sources */ = {isa = PBXBuildFile; fileRef = 36519BEB38E022905CB51BA0 /* LocationDetailView.swift */; };
		AC1902B70C6B75DDFD267BAA /* LocationManager.swift in Sources */ = {isa = PBXBuildFile; fileRef = DC283BE84AC98C75138719E2 /* LocationManager.swift */; };
		AE5A980A10E47C86EE628F9E /* NavigationAttributes.swift in Sources */ = {isa = PBXBuildFile; fileRef = C2E67634AED25A76877B8E94 /* NavigationAttributes.swift */; };
		CC047E9B9D5D4F9269804C76 /* ContentView.swift in Sources */ = {isa = PBXBuildFile; fileRef = 49DD9FF5628946C5FA321BB4 /* ContentView.swift */; };
		D4CB170A09C3C813A9275C52 /* TransportModeView.swift in Sources */ = {isa = PBXBuildFile; fileRef = F6102878AD75831ABE6135BF /* TransportModeView.swift */; };
		D74A45144ECA0B370D0F5461 /* OfflineCities.swift in Sources */ = {isa = PBXBuildFile; fileRef = A6BE679B58A398A4853B09B6 /* OfflineCities.swift */; };
		E18C1EBD79E96DC1E0B21AA3 /* CompassView.swift in Sources */ = {isa = PBXBuildFile; fileRef = E8AE71D0CC8BB9BD86FC87A5 /* CompassView.swift */; };
		E6BA7A079BD9E41495EFDC01 /* RouteAgentCoordinator.swift in Sources */ = {isa = PBXBuildFile; fileRef = F0010E608D2AA798E752CEEC /* RouteAgentCoordinator.swift */; };
		F10ABBC258A052A11C646E50 /* PlaceCategory.swift in Sources */ = {isa = PBXBuildFile; fileRef = 4766CAB3FCEB08522CCC2688 /* PlaceCategory.swift */; };
		F30277DE5A14BB6A6E263B77 /* NetworkManager.swift in Sources */ = {isa = PBXBuildFile; fileRef = 7AD63A6E6B7BA1B965CD5D53 /* NetworkManager.swift */; };
		F81D7951E140FBD0636A3737 /* TransitDetailView.swift in Sources */ = {isa = PBXBuildFile; fileRef = A21B7C12BAFA2CE7A4262597 /* TransitDetailView.swift */; };
/* End PBXBuildFile section */

/* Begin PBXContainerItemProxy section */
		AD731BAF7D14C8273CB538F4 /* PBXContainerItemProxy */ = {
			isa = PBXContainerItemProxy;
			containerPortal = B1FDC9F467141AFC5CF8F37F /* Project object */;
			proxyType = 1;
			remoteGlobalIDString = DF914D7AA8CC5EFDEFE9A869;
			remoteInfo = KompassNavigationWidgetExtension;
		};
/* End PBXContainerItemProxy section */

/* Begin PBXCopyFilesBuildPhase section */
		03B67AECFB6FFB54CBDD9CAB /* Embed App Extensions */ = {
			isa = PBXCopyFilesBuildPhase;
			buildActionMask = 2147483647;
			dstPath = "";
			dstSubfolderSpec = 13;
			files = (
				79AB01B3842F014B0DC8B548 /* KompassNavigationWidgetExtension.appex in Embed App Extensions */,
			);
			name = "Embed App Extensions";
			runOnlyForDeploymentPostprocessing = 0;
		};
/* End PBXCopyFilesBuildPhase section */

/* Begin PBXFileReference section */
		09295E4AA52CB40E2FB9FA57 /* MapView.swift */ = {isa = PBXFileReference; includeInIndex = 1; lastKnownFileType = sourcecode.swift; path = MapView.swift; sourceTree = "<group>"; };
		0FED429ED6FC7DF9D79A3BE5 /* KompassNavigationWidgetExtension.appex */ = {isa = PBXFileReference; explicitFileType = "wrapper.app-extension"; includeInIndex = 0; path = KompassNavigationWidgetExtension.appex; sourceTree = BUILT_PRODUCTS_DIR; };
		189A99E93181E65EFB4CF9EB /* Info.plist */ = {isa = PBXFileReference; includeInIndex = 1; lastKnownFileType = text.plist.xml; name = Info.plist; path = App/Info.plist; sourceTree = "<group>"; };
		36519BEB38E022905CB51BA0 /* LocationDetailView.swift */ = {isa = PBXFileReference; includeInIndex = 1; lastKnownFileType = sourcecode.swift; path = LocationDetailView.swift; sourceTree = "<group>"; };
		39D94D3ACA25C3538097AE35 /* KompassNavigationWidgetBundle.swift */ = {isa = PBXFileReference; includeInIndex = 1; lastKnownFileType = sourcecode.swift; path = KompassNavigationWidgetBundle.swift; sourceTree = "<group>"; };
		3E5CA7395E581288774E8F52 /* MyApp.swift */ = {isa = PBXFileReference; includeInIndex = 1; lastKnownFileType = sourcecode.swift; path = MyApp.swift; sourceTree = "<group>"; };
		4766CAB3FCEB08522CCC2688 /* PlaceCategory.swift */ = {isa = PBXFileReference; includeInIndex = 1; lastKnownFileType = sourcecode.swift; path = PlaceCategory.swift; sourceTree = "<group>"; };
		49DD9FF5628946C5FA321BB4 /* ContentView.swift */ = {isa = PBXFileReference; includeInIndex = 1; lastKnownFileType = sourcecode.swift; path = ContentView.swift; sourceTree = "<group>"; };
		5929640D4867C76E309894B6 /* SearchCompleter.swift */ = {isa = PBXFileReference; includeInIndex = 1; lastKnownFileType = sourcecode.swift; path = SearchCompleter.swift; sourceTree = "<group>"; };
		70822F26ECF7BF7B79E810CC /* Kompass.app */ = {isa = PBXFileReference; explicitFileType = wrapper.application; includeInIndex = 0; path = Kompass.app; sourceTree = BUILT_PRODUCTS_DIR; };
		75B3965D653A06BB0783AFA0 /* RideShareService.swift */ = {isa = PBXFileReference; includeInIndex = 1; lastKnownFileType = sourcecode.swift; path = RideShareService.swift; sourceTree = "<group>"; };
		782A2DF73DB93EC96E037F49 /* BottomSheetView.swift */ = {isa = PBXFileReference; includeInIndex = 1; lastKnownFileType = sourcecode.swift; path = BottomSheetView.swift; sourceTree = "<group>"; };
		7AD63A6E6B7BA1B965CD5D53 /* NetworkManager.swift */ = {isa = PBXFileReference; includeInIndex = 1; lastKnownFileType = sourcecode.swift; path = NetworkManager.swift; sourceTree = "<group>"; };
		82FFC79694D00D37CA2F12B8 /* Location.swift */ = {isa = PBXFileReference; includeInIndex = 1; lastKnownFileType = sourcecode.swift; path = Location.swift; sourceTree = "<group>"; };
		85D2B38207773668B625E968 /* Info.plist */ = {isa = PBXFileReference; includeInIndex = 1; lastKnownFileType = text.plist.xml; name = Info.plist; path = Widget/Info.plist; sourceTree = "<group>"; };
		8BAE121141D073AAC5F02AD9 /* Assets.xcassets */ = {isa = PBXFileReference; includeInIndex = 1; lastKnownFileType = folder.assetcatalog; path = Assets.xcassets; sourceTree = "<group>"; };
		9FC106B6DAD079EA4F153169 /* NavigationLiveActivityManager.swift */ = {isa = PBXFileReference; includeInIndex = 1; lastKnownFileType = sourcecode.swift; path = NavigationLiveActivityManager.swift; sourceTree = "<group>"; };
		A21B7C12BAFA2CE7A4262597 /* TransitDetailView.swift */ = {isa = PBXFileReference; includeInIndex = 1; lastKnownFileType = sourcecode.swift; path = TransitDetailView.swift; sourceTree = "<group>"; };
		A6BE679B58A398A4853B09B6 /* OfflineCities.swift */ = {isa = PBXFileReference; includeInIndex = 1; lastKnownFileType = sourcecode.swift; path = OfflineCities.swift; sourceTree = "<group>"; };
		B30224620BAFDACC9A85DCCF /* DynamicIslandView.swift */ = {isa = PBXFileReference; includeInIndex = 1; lastKnownFileType = sourcecode.swift; path = DynamicIslandView.swift; sourceTree = "<group>"; };
		B79C18071E2D6E9F90923948 /* Foundation.framework */ = {isa = PBXFileReference; lastKnownFileType = wrapper.framework; name = Foundation.framework; path = Platforms/iPhoneOS.platform/Developer/SDKs/iPhoneOS18.0.sdk/System/Library/Frameworks/Foundation.framework; sourceTree = DEVELOPER_DIR; };
		C121959D6316B3ACA10D9E6A /* RouteComparisonView.swift */ = {isa = PBXFileReference; includeInIndex = 1; lastKnownFileType = sourcecode.swift; path = RouteComparisonView.swift; sourceTree = "<group>"; };
		C2E67634AED25A76877B8E94 /* NavigationAttributes.swift */ = {isa = PBXFileReference; includeInIndex = 1; lastKnownFileType = sourcecode.swift; path = NavigationAttributes.swift; sourceTree = "<group>"; };
		CE0C62E81ACBA14CF078406A /* SearchResult.swift */ = {isa = PBXFileReference; includeInIndex = 1; lastKnownFileType = sourcecode.swift; path = SearchResult.swift; sourceTree = "<group>"; };
		DC283BE84AC98C75138719E2 /* LocationManager.swift */ = {isa = PBXFileReference; includeInIndex = 1; lastKnownFileType = sourcecode.swift; path = LocationManager.swift; sourceTree = "<group>"; };
		E8AE71D0CC8BB9BD86FC87A5 /* CompassView.swift */ = {isa = PBXFileReference; includeInIndex = 1; lastKnownFileType = sourcecode.swift; path = CompassView.swift; sourceTree = "<group>"; };
		F0010E608D2AA798E752CEEC /* RouteAgentCoordinator.swift */ = {isa = PBXFileReference; includeInIndex = 1; lastKnownFileType = sourcecode.swift; path = RouteAgentCoordinator.swift; sourceTree = "<group>"; };
		F6102878AD75831ABE6135BF /* TransportModeView.swift */ = {isa = PBXFileReference; includeInIndex = 1; lastKnownFileType = sourcecode.swift; path = TransportModeView.swift; sourceTree = "<group>"; };
		FFCFC5F44343A971F444EA91 /* LiveActivityWidget.swift */ = {isa = PBXFileReference; includeInIndex = 1; lastKnownFileType = sourcecode.swift; path = LiveActivityWidget.swift; sourceTree = "<group>"; };
/* End PBXFileReference section */

/* Begin PBXFrameworksBuildPhase section */
		3A6BBA1A4D36CF71C135BDF3 /* Frameworks */ = {
			isa = PBXFrameworksBuildPhase;
			buildActionMask = 2147483647;
			files = (
				26DE598D2BAABFAC2B10F5A5 /* Foundation.framework in Frameworks */,
			);
			runOnlyForDeploymentPostprocessing = 0;
		};
		A50C95EE467943F32A75F19D /* Frameworks */ = {
			isa = PBXFrameworksBuildPhase;
			buildActionMask = 2147483647;
			files = (
				6A9292887CD7B3AF162C01A7 /* Foundation.framework in Frameworks */,
			);
			runOnlyForDeploymentPostprocessing = 0;
		};
/* End PBXFrameworksBuildPhase section */

/* Begin PBXGroup section */
		0AFF5855C541FD9EF4F1560C /* XcodeSupport */ = {
			isa = PBXGroup;
			children = (
				189A99E93181E65EFB4CF9EB /* Info.plist */,
				85D2B38207773668B625E968 /* Info.plist */,
			);
			name = XcodeSupport;
			path = XcodeSupport;
			sourceTree = "<group>";
		};
		1F205BF4487E66FF4EF7264F /* App */ = {
			isa = PBXGroup;
			children = (
				3E5CA7395E581288774E8F52 /* MyApp.swift */,
				49DD9FF5628946C5FA321BB4 /* ContentView.swift */,
			);
			name = App;
			path = App;
			sourceTree = "<group>";
		};
		26DCDE73687196DF11077D25 /* Views */ = {
			isa = PBXGroup;
			children = (
				E8AE71D0CC8BB9BD86FC87A5 /* CompassView.swift */,
				09295E4AA52CB40E2FB9FA57 /* MapView.swift */,
				782A2DF73DB93EC96E037F49 /* BottomSheetView.swift */,
				B30224620BAFDACC9A85DCCF /* DynamicIslandView.swift */,
				36519BEB38E022905CB51BA0 /* LocationDetailView.swift */,
				A21B7C12BAFA2CE7A4262597 /* TransitDetailView.swift */,
				F6102878AD75831ABE6135BF /* TransportModeView.swift */,
				C121959D6316B3ACA10D9E6A /* RouteComparisonView.swift */,
			);
			name = Views;
			path = Views;
			sourceTree = "<group>";
		};
		28E85E6B644BEFCD5AEC58FE /* iOS */ = {
			isa = PBXGroup;
			children = (
				B79C18071E2D6E9F90923948 /* Foundation.framework */,
			);
			name = iOS;
			sourceTree = "<group>";
		};
		47412B80ED8B7DA1BB833E55 /* Models */ = {
			isa = PBXGroup;
			children = (
				82FFC79694D00D37CA2F12B8 /* Location.swift */,
				C2E67634AED25A76877B8E94 /* NavigationAttributes.swift */,
				A6BE679B58A398A4853B09B6 /* OfflineCities.swift */,
				4766CAB3FCEB08522CCC2688 /* PlaceCategory.swift */,
				CE0C62E81ACBA14CF078406A /* SearchResult.swift */,
			);
			name = Models;
			path = Models;
			sourceTree = "<group>";
		};
		57FE98FDE2061C714D73E30E /* Widget */ = {
			isa = PBXGroup;
			children = (
				39D94D3ACA25C3538097AE35 /* KompassNavigationWidgetBundle.swift */,
				FFCFC5F44343A971F444EA91 /* LiveActivityWidget.swift */,
			);
			name = Widget;
			path = Widget;
			sourceTree = "<group>";
		};
		7C883C60A1430840BE902421 = {
			isa = PBXGroup;
			children = (
				B18AE0B53756A397BAA3D355 /* Products */,
				7E139797DA0CAC3E56D7DE9E /* Frameworks */,
				DC93CEDD4817E25E6398E569 /* kompass.swiftpm */,
				0AFF5855C541FD9EF4F1560C /* XcodeSupport */,
			);
			sourceTree = "<group>";
		};
		7E139797DA0CAC3E56D7DE9E /* Frameworks */ = {
			isa = PBXGroup;
			children = (
				28E85E6B644BEFCD5AEC58FE /* iOS */,
			);
			name = Frameworks;
			sourceTree = "<group>";
		};
		B18AE0B53756A397BAA3D355 /* Products */ = {
			isa = PBXGroup;
			children = (
				70822F26ECF7BF7B79E810CC /* Kompass.app */,
				0FED429ED6FC7DF9D79A3BE5 /* KompassNavigationWidgetExtension.appex */,
			);
			name = Products;
			sourceTree = "<group>";
		};
		DC93CEDD4817E25E6398E569 /* kompass.swiftpm */ = {
			isa = PBXGroup;
			children = (
				1F205BF4487E66FF4EF7264F /* App */,
				26DCDE73687196DF11077D25 /* Views */,
				47412B80ED8B7DA1BB833E55 /* Models */,
				F77DB1EDD5622E60F9C35861 /* Services */,
				57FE98FDE2061C714D73E30E /* Widget */,
				8BAE121141D073AAC5F02AD9 /* Assets.xcassets */,
			);
			name = kompass.swiftpm;
			path = kompass.swiftpm;
			sourceTree = "<group>";
		};
		F77DB1EDD5622E60F9C35861 /* Services */ = {
			isa = PBXGroup;
			children = (
				DC283BE84AC98C75138719E2 /* LocationManager.swift */,
				9FC106B6DAD079EA4F153169 /* NavigationLiveActivityManager.swift */,
				7AD63A6E6B7BA1B965CD5D53 /* NetworkManager.swift */,
				75B3965D653A06BB0783AFA0 /* RideShareService.swift */,
				F0010E608D2AA798E752CEEC /* RouteAgentCoordinator.swift */,
				5929640D4867C76E309894B6 /* SearchCompleter.swift */,
			);
			name = Services;
			path = Services;
			sourceTree = "<group>";
		};
/* End PBXGroup section */

/* Begin PBXNativeTarget section */
		5D667683BA3F8141CC72B3D3 /* Kompass */ = {
			isa = PBXNativeTarget;
			buildConfigurationList = F312DDF53B7014502ED5B807 /* Build configuration list for PBXNativeTarget "Kompass" */;
			buildPhases = (
				5CC73603342B2A1657318F4E /* Sources */,
				3A6BBA1A4D36CF71C135BDF3 /* Frameworks */,
				F59BF699FDCE692018215FF7 /* Resources */,
				03B67AECFB6FFB54CBDD9CAB /* Embed App Extensions */,
			);
			buildRules = (
			);
			dependencies = (
				4EAC670B2DA5D994BBF63246 /* PBXTargetDependency */,
			);
			name = Kompass;
			productName = Kompass;
			productReference = 70822F26ECF7BF7B79E810CC /* Kompass.app */;
			productType = "com.apple.product-type.application";
		};
		DF914D7AA8CC5EFDEFE9A869 /* KompassNavigationWidgetExtension */ = {
			isa = PBXNativeTarget;
			buildConfigurationList = 76797751D1E1CD7CAB9E46CF /* Build configuration list for PBXNativeTarget "KompassNavigationWidgetExtension" */;
			buildPhases = (
				132D64D7AF9C32E74F6AE2A8 /* Sources */,
				A50C95EE467943F32A75F19D /* Frameworks */,
				B322E8AEB04369715C4D2294 /* Resources */,
			);
			buildRules = (
			);
			dependencies = (
			);
			name = KompassNavigationWidgetExtension;
			productName = KompassNavigationWidgetExtension;
			productReference = 0FED429ED6FC7DF9D79A3BE5 /* KompassNavigationWidgetExtension.appex */;
			productType = "com.apple.product-type.app-extension";
		};
/* End PBXNativeTarget section */

/* Begin PBXProject section */
		B1FDC9F467141AFC5CF8F37F /* Project object */ = {
			isa = PBXProject;
			attributes = {
				LastSwiftUpdateCheck = 1600;
				LastUpgradeCheck = 2630;
				TargetAttributes = {
					5D667683BA3F8141CC72B3D3 = {
						DevelopmentTeam = W4CGNMV2HK;
						ProvisioningStyle = Automatic;
					};
					DF914D7AA8CC5EFDEFE9A869 = {
						DevelopmentTeam = W4CGNMV2HK;
						ProvisioningStyle = Automatic;
					};
				};
			};
			buildConfigurationList = 1E48ABB5C64FF838C143C0E8 /* Build configuration list for PBXProject "Kompass" */;
			compatibilityVersion = "Xcode 3.2";
			developmentRegion = en;
			hasScannedForEncodings = 0;
			knownRegions = (
				en,
				Base,
			);
			mainGroup = 7C883C60A1430840BE902421;
			minimizedProjectReferenceProxies = 0;
			preferredProjectObjectVersion = 77;
			productRefGroup = B18AE0B53756A397BAA3D355 /* Products */;
			projectDirPath = "";
			projectRoot = "";
			targets = (
				5D667683BA3F8141CC72B3D3 /* Kompass */,
				DF914D7AA8CC5EFDEFE9A869 /* KompassNavigationWidgetExtension */,
			);
		};
/* End PBXProject section */

/* Begin PBXResourcesBuildPhase section */
		B322E8AEB04369715C4D2294 /* Resources */ = {
			isa = PBXResourcesBuildPhase;
			buildActionMask = 2147483647;
			files = (
			);
			runOnlyForDeploymentPostprocessing = 0;
		};
		F59BF699FDCE692018215FF7 /* Resources */ = {
			isa = PBXResourcesBuildPhase;
			buildActionMask = 2147483647;
			files = (
				23BD590B0B3DC964C876C81C /* Assets.xcassets in Resources */,
			);
			runOnlyForDeploymentPostprocessing = 0;
		};
/* End PBXResourcesBuildPhase section */

/* Begin PBXSourcesBuildPhase section */
		132D64D7AF9C32E74F6AE2A8 /* Sources */ = {
			isa = PBXSourcesBuildPhase;
			buildActionMask = 2147483647;
			files = (
				7C06E1C97D948488B4F7695A /* KompassNavigationWidgetBundle.swift in Sources */,
				069B5DD185768247875D847A /* LiveActivityWidget.swift in Sources */,
				AE5A980A10E47C86EE628F9E /* NavigationAttributes.swift in Sources */,
			);
			runOnlyForDeploymentPostprocessing = 0;
		};
		5CC73603342B2A1657318F4E /* Sources */ = {
			isa = PBXSourcesBuildPhase;
			buildActionMask = 2147483647;
			files = (
				341AFD8A1BD02E4A4B5CDBAD /* MyApp.swift in Sources */,
				CC047E9B9D5D4F9269804C76 /* ContentView.swift in Sources */,
				E18C1EBD79E96DC1E0B21AA3 /* CompassView.swift in Sources */,
				869FF6F89B7F6175CB68070E /* MapView.swift in Sources */,
				0625637E4F39B2E18F83F131 /* BottomSheetView.swift in Sources */,
				32CB1717731F62DED68DAB5E /* DynamicIslandView.swift in Sources */,
				A93616CFE0E38A8DBE3623EE /* LocationDetailView.swift in Sources */,
				F81D7951E140FBD0636A3737 /* TransitDetailView.swift in Sources */,
				D4CB170A09C3C813A9275C52 /* TransportModeView.swift in Sources */,
				A0069DB231242A0BC9C333E1 /* RouteComparisonView.swift in Sources */,
				7435304B94834C3C699A3CA7 /* Location.swift in Sources */,
				4C858873012DA8B034AAC26B /* NavigationAttributes.swift in Sources */,
				D74A45144ECA0B370D0F5461 /* OfflineCities.swift in Sources */,
				F10ABBC258A052A11C646E50 /* PlaceCategory.swift in Sources */,
				216235DC60182687788648F8 /* SearchResult.swift in Sources */,
				AC1902B70C6B75DDFD267BAA /* LocationManager.swift in Sources */,
				379BAE9AAF2A92C7A73C7BA0 /* NavigationLiveActivityManager.swift in Sources */,
				F30277DE5A14BB6A6E263B77 /* NetworkManager.swift in Sources */,
				7CB7AD39307D842A8CB4D5E0 /* RideShareService.swift in Sources */,
				E6BA7A079BD9E41495EFDC01 /* RouteAgentCoordinator.swift in Sources */,
				2B1E90A31F82081B769A7CB8 /* SearchCompleter.swift in Sources */,
			);
			runOnlyForDeploymentPostprocessing = 0;
		};
/* End PBXSourcesBuildPhase section */

/* Begin PBXTargetDependency section */
		4EAC670B2DA5D994BBF63246 /* PBXTargetDependency */ = {
			isa = PBXTargetDependency;
			name = KompassNavigationWidgetExtension;
			target = DF914D7AA8CC5EFDEFE9A869 /* KompassNavigationWidgetExtension */;
			targetProxy = AD731BAF7D14C8273CB538F4 /* PBXContainerItemProxy */;
		};
/* End PBXTargetDependency section */

/* Begin XCBuildConfiguration section */
		15C4A1837F0DEE4A5D8AAFB3 /* Release */ = {
			isa = XCBuildConfiguration;
			buildSettings = {
				ASSETCATALOG_COMPILER_APPICON_NAME = AppIcon;
				ASSETCATALOG_COMPILER_GLOBAL_ACCENT_COLOR_NAME = AccentColor;
				CLANG_ENABLE_MODULES = YES;
				CLANG_ENABLE_OBJC_WEAK = NO;
				CODE_SIGN_STYLE = Automatic;
				CURRENT_PROJECT_VERSION = 1;
				DEVELOPMENT_TEAM = W4CGNMV2HK;
				ENABLE_PREVIEWS = YES;
				GENERATE_INFOPLIST_FILE = NO;
				INFOPLIST_FILE = XcodeSupport/App/Info.plist;
				IPHONEOS_DEPLOYMENT_TARGET = 17.0;
				LD_RUNPATH_SEARCH_PATHS = "$(inherited) @executable_path/Frameworks";
				MARKETING_VERSION = 1.0;
				PRODUCT_BUNDLE_IDENTIFIER = com.aadishah.kompass;
				SDKROOT = iphoneos;
				SWIFT_EMIT_LOC_STRINGS = YES;
				SWIFT_VERSION = 6.0;
				TARGETED_DEVICE_FAMILY = "1,2";
				VALIDATE_PRODUCT = YES;
			};
			name = Release;
		};
		284D7ED76653C4928165E43B /* Debug */ = {
			isa = XCBuildConfiguration;
			buildSettings = {
				ASSETCATALOG_COMPILER_APPICON_NAME = AppIcon;
				ASSETCATALOG_COMPILER_GLOBAL_ACCENT_COLOR_NAME = AccentColor;
				CLANG_ENABLE_MODULES = YES;
				CLANG_ENABLE_OBJC_WEAK = NO;
				CODE_SIGN_STYLE = Automatic;
				CURRENT_PROJECT_VERSION = 1;
				DEVELOPMENT_TEAM = W4CGNMV2HK;
				ENABLE_PREVIEWS = YES;
				GENERATE_INFOPLIST_FILE = NO;
				INFOPLIST_FILE = XcodeSupport/App/Info.plist;
				IPHONEOS_DEPLOYMENT_TARGET = 17.0;
				LD_RUNPATH_SEARCH_PATHS = "$(inherited) @executable_path/Frameworks";
				MARKETING_VERSION = 1.0;
				PRODUCT_BUNDLE_IDENTIFIER = com.aadishah.kompass;
				SDKROOT = iphoneos;
				SWIFT_EMIT_LOC_STRINGS = YES;
				SWIFT_VERSION = 6.0;
				TARGETED_DEVICE_FAMILY = "1,2";
			};
			name = Debug;
		};
		5B25476F25894D16D6016BFC /* Release */ = {
			isa = XCBuildConfiguration;
			buildSettings = {
				ALWAYS_SEARCH_USER_PATHS = NO;
				CLANG_ANALYZER_NONNULL = YES;
				CLANG_ANALYZER_NUMBER_OBJECT_CONVERSION = YES_AGGRESSIVE;
				CLANG_CXX_LANGUAGE_STANDARD = "gnu++14";
				CLANG_CXX_LIBRARY = "libc++";
				CLANG_ENABLE_MODULES = YES;
				CLANG_ENABLE_OBJC_ARC = YES;
				CLANG_ENABLE_OBJC_WEAK = YES;
				CLANG_WARN_BLOCK_CAPTURE_AUTORELEASING = YES;
				CLANG_WARN_BOOL_CONVERSION = YES;
				CLANG_WARN_COMMA = YES;
				CLANG_WARN_CONSTANT_CONVERSION = YES;
				CLANG_WARN_DEPRECATED_OBJC_IMPLEMENTATIONS = YES;
				CLANG_WARN_DIRECT_OBJC_ISA_USAGE = YES_ERROR;
				CLANG_WARN_DOCUMENTATION_COMMENTS = YES;
				CLANG_WARN_EMPTY_BODY = YES;
				CLANG_WARN_ENUM_CONVERSION = YES;
				CLANG_WARN_INFINITE_RECURSION = YES;
				CLANG_WARN_INT_CONVERSION = YES;
				CLANG_WARN_NON_LITERAL_NULL_CONVERSION = YES;
				CLANG_WARN_OBJC_IMPLICIT_RETAIN_SELF = YES;
				CLANG_WARN_OBJC_LITERAL_CONVERSION = YES;
				CLANG_WARN_OBJC_ROOT_CLASS = YES_ERROR;
				CLANG_WARN_QUOTED_INCLUDE_IN_FRAMEWORK_HEADER = YES;
				CLANG_WARN_RANGE_LOOP_ANALYSIS = YES;
				CLANG_WARN_STRICT_PROTOTYPES = YES;
				CLANG_WARN_SUSPICIOUS_MOVE = YES;
				CLANG_WARN_UNGUARDED_AVAILABILITY = YES_AGGRESSIVE;
				CLANG_WARN_UNREACHABLE_CODE = YES;
				CLANG_WARN__DUPLICATE_METHOD_MATCH = YES;
				CODE_SIGN_STYLE = Automatic;
				COPY_PHASE_STRIP = NO;
				DEBUG_INFORMATION_FORMAT = "dwarf-with-dsym";
				DEVELOPMENT_TEAM = W4CGNMV2HK;
				ENABLE_NS_ASSERTIONS = NO;
				ENABLE_STRICT_OBJC_MSGSEND = YES;
				GCC_C_LANGUAGE_STANDARD = gnu11;
				GCC_NO_COMMON_BLOCKS = YES;
				GCC_WARN_64_TO_32_BIT_CONVERSION = YES;
				GCC_WARN_ABOUT_RETURN_TYPE = YES_ERROR;
				GCC_WARN_UNDECLARED_SELECTOR = YES;
				GCC_WARN_UNINITIALIZED_AUTOS = YES_AGGRESSIVE;
				GCC_WARN_UNUSED_FUNCTION = YES;
				GCC_WARN_UNUSED_VARIABLE = YES;
				IPHONEOS_DEPLOYMENT_TARGET = 17.0;
				MTL_ENABLE_DEBUG_INFO = NO;
				MTL_FAST_MATH = YES;
				PRODUCT_NAME = "$(TARGET_NAME)";
				SWIFT_COMPILATION_MODE = wholemodule;
				SWIFT_OPTIMIZATION_LEVEL = "-O";
				SWIFT_VERSION = 6.0;
			};
			name = Release;
		};
		74D96F685FDA950BEAE7C474 /* Release */ = {
			isa = XCBuildConfiguration;
			buildSettings = {
				APPLICATION_EXTENSION_API_ONLY = YES;
				CLANG_ENABLE_MODULES = YES;
				CLANG_ENABLE_OBJC_WEAK = NO;
				CODE_SIGN_STYLE = Automatic;
				CURRENT_PROJECT_VERSION = 1;
				DEVELOPMENT_TEAM = W4CGNMV2HK;
				ENABLE_PREVIEWS = YES;
				GENERATE_INFOPLIST_FILE = NO;
				INFOPLIST_FILE = XcodeSupport/Widget/Info.plist;
				IPHONEOS_DEPLOYMENT_TARGET = 17.0;
				LD_RUNPATH_SEARCH_PATHS = "$(inherited) @executable_path/Frameworks @executable_path/../../Frameworks";
				MARKETING_VERSION = 1.0;
				PRODUCT_BUNDLE_IDENTIFIER = "com.aadishah.kompass.navigation-widget";
				SDKROOT = iphoneos;
				SKIP_INSTALL = YES;
				SWIFT_EMIT_LOC_STRINGS = YES;
				SWIFT_VERSION = 6.0;
				TARGETED_DEVICE_FAMILY = 1;
				VALIDATE_PRODUCT = YES;
			};
			name = Release;
		};
		9880DE7E1FE4A846BA9B52A5 /* Debug */ = {
			isa = XCBuildConfiguration;
			buildSettings = {
				APPLICATION_EXTENSION_API_ONLY = YES;
				CLANG_ENABLE_MODULES = YES;
				CLANG_ENABLE_OBJC_WEAK = NO;
				CODE_SIGN_STYLE = Automatic;
				CURRENT_PROJECT_VERSION = 1;
				DEVELOPMENT_TEAM = W4CGNMV2HK;
				ENABLE_PREVIEWS = YES;
				GENERATE_INFOPLIST_FILE = NO;
				INFOPLIST_FILE = XcodeSupport/Widget/Info.plist;
				IPHONEOS_DEPLOYMENT_TARGET = 17.0;
				LD_RUNPATH_SEARCH_PATHS = "$(inherited) @executable_path/Frameworks @executable_path/../../Frameworks";
				MARKETING_VERSION = 1.0;
				PRODUCT_BUNDLE_IDENTIFIER = "com.aadishah.kompass.navigation-widget";
				SDKROOT = iphoneos;
				SKIP_INSTALL = YES;
				SWIFT_EMIT_LOC_STRINGS = YES;
				SWIFT_VERSION = 6.0;
				TARGETED_DEVICE_FAMILY = 1;
			};
			name = Debug;
		};
		A31D85CBF5DE2D1A3166F1C3 /* Debug */ = {
			isa = XCBuildConfiguration;
			buildSettings = {
				ALWAYS_SEARCH_USER_PATHS = NO;
				CLANG_ANALYZER_NONNULL = YES;
				CLANG_ANALYZER_NUMBER_OBJECT_CONVERSION = YES_AGGRESSIVE;
				CLANG_CXX_LANGUAGE_STANDARD = "gnu++14";
				CLANG_CXX_LIBRARY = "libc++";
				CLANG_ENABLE_MODULES = YES;
				CLANG_ENABLE_OBJC_ARC = YES;
				CLANG_ENABLE_OBJC_WEAK = YES;
				CLANG_WARN_BLOCK_CAPTURE_AUTORELEASING = YES;
				CLANG_WARN_BOOL_CONVERSION = YES;
				CLANG_WARN_COMMA = YES;
				CLANG_WARN_CONSTANT_CONVERSION = YES;
				CLANG_WARN_DEPRECATED_OBJC_IMPLEMENTATIONS = YES;
				CLANG_WARN_DIRECT_OBJC_ISA_USAGE = YES_ERROR;
				CLANG_WARN_DOCUMENTATION_COMMENTS = YES;
				CLANG_WARN_EMPTY_BODY = YES;
				CLANG_WARN_ENUM_CONVERSION = YES;
				CLANG_WARN_INFINITE_RECURSION = YES;
				CLANG_WARN_INT_CONVERSION = YES;
				CLANG_WARN_NON_LITERAL_NULL_CONVERSION = YES;
				CLANG_WARN_OBJC_IMPLICIT_RETAIN_SELF = YES;
				CLANG_WARN_OBJC_LITERAL_CONVERSION = YES;
				CLANG_WARN_OBJC_ROOT_CLASS = YES_ERROR;
				CLANG_WARN_QUOTED_INCLUDE_IN_FRAMEWORK_HEADER = YES;
				CLANG_WARN_RANGE_LOOP_ANALYSIS = YES;
				CLANG_WARN_STRICT_PROTOTYPES = YES;
				CLANG_WARN_SUSPICIOUS_MOVE = YES;
				CLANG_WARN_UNGUARDED_AVAILABILITY = YES_AGGRESSIVE;
				CLANG_WARN_UNREACHABLE_CODE = YES;
				CLANG_WARN__DUPLICATE_METHOD_MATCH = YES;
				CODE_SIGN_STYLE = Automatic;
				COPY_PHASE_STRIP = NO;
				DEBUG_INFORMATION_FORMAT = dwarf;
				DEVELOPMENT_TEAM = W4CGNMV2HK;
				ENABLE_STRICT_OBJC_MSGSEND = YES;
				ENABLE_TESTABILITY = YES;
				GCC_C_LANGUAGE_STANDARD = gnu11;
				GCC_DYNAMIC_NO_PIC = NO;
				GCC_NO_COMMON_BLOCKS = YES;
				GCC_OPTIMIZATION_LEVEL = 0;
				GCC_PREPROCESSOR_DEFINITIONS = (
					"DEBUG=1",
					"$(inherited)",
				);
				GCC_WARN_64_TO_32_BIT_CONVERSION = YES;
				GCC_WARN_ABOUT_RETURN_TYPE = YES_ERROR;
				GCC_WARN_UNDECLARED_SELECTOR = YES;
				GCC_WARN_UNINITIALIZED_AUTOS = YES_AGGRESSIVE;
				GCC_WARN_UNUSED_FUNCTION = YES;
				GCC_WARN_UNUSED_VARIABLE = YES;
				IPHONEOS_DEPLOYMENT_TARGET = 17.0;
				MTL_ENABLE_DEBUG_INFO = INCLUDE_SOURCE;
				MTL_FAST_MATH = YES;
				ONLY_ACTIVE_ARCH = YES;
				PRODUCT_NAME = "$(TARGET_NAME)";
				SWIFT_ACTIVE_COMPILATION_CONDITIONS = DEBUG;
				SWIFT_OPTIMIZATION_LEVEL = "-Onone";
				SWIFT_VERSION = 6.0;
			};
			name = Debug;
		};
/* End XCBuildConfiguration section */

/* Begin XCConfigurationList section */
		1E48ABB5C64FF838C143C0E8 /* Build configuration list for PBXProject "Kompass" */ = {
			isa = XCConfigurationList;
			buildConfigurations = (
				A31D85CBF5DE2D1A3166F1C3 /* Debug */,
				5B25476F25894D16D6016BFC /* Release */,
			);
			defaultConfigurationIsVisible = 0;
			defaultConfigurationName = Release;
		};
		76797751D1E1CD7CAB9E46CF /* Build configuration list for PBXNativeTarget "KompassNavigationWidgetExtension" */ = {
			isa = XCConfigurationList;
			buildConfigurations = (
				74D96F685FDA950BEAE7C474 /* Release */,
				9880DE7E1FE4A846BA9B52A5 /* Debug */,
			);
			defaultConfigurationIsVisible = 0;
			defaultConfigurationName = Release;
		};
		F312DDF53B7014502ED5B807 /* Build configuration list for PBXNativeTarget "Kompass" */ = {
			isa = XCConfigurationList;
			buildConfigurations = (
				15C4A1837F0DEE4A5D8AAFB3 /* Release */,
				284D7ED76653C4928165E43B /* Debug */,
			);
			defaultConfigurationIsVisible = 0;
			defaultConfigurationName = Release;
		};
/* End XCConfigurationList section */
	};
	rootObject = B1FDC9F467141AFC5CF8F37F /* Project object */;
}
